
Microsoft Visual Studio Solution File, Format Version 12.00
# Visual Studio Version 16
VisualStudioVersion = 16.0.29215.179
MinimumVisualStudioVersion = 10.0.40219.1
Project("{FAE04EC0-301F-11D3-BF4B-00C04F79EFBC}") = "PROG2070Assignment2", "PROG2070Assignment2\PROG2070Assignment2.csproj", "{68AD005D-9B68-4685-9C4A-86629AE02132}"
EndProject
Project("{FAE04EC0-301F-11D3-BF4B-00C04F79EFBC}") = "PROG2070Assignment2.Tests", "PROG2070Assignment2.Tests\PROG2070Assignment2.Tests.csproj", "{9EF4E731-E433-4DDA-ABA3-A64816EF4373}"
EndProject
Global
	GlobalSection(SolutionConfigurationPlatforms) = preSolution
		Debug|Any CPU = Debug|Any CPU
		Release|Any CPU = Release|Any CPU
	EndGlobalSection
	GlobalSection(ProjectConfigurationPlatforms) = postSolution
		{68AD005D-9B68-4685-9C4A-86629AE02132}.Debug|Any CPU.ActiveCfg = Debug|Any CPU
		{68AD005D-9B68-4685-9C4A-86629AE02132}.Debug|Any CPU.Build.0 = Debug|Any CPU
		{68AD005D-9B68-4685-9C4A-86629AE02132}.Release|Any CPU.ActiveCfg = Release|Any CPU
		{68AD005D-9B68-4685-9C4A-86629AE02132}.Release|Any CPU.Build.0 = Release|Any CPU
		{9EF4E731-E433-4DDA-ABA3-A64816EF4373}.Debug|Any CPU.ActiveCfg = Debug|Any CPU
		{9EF4E731-E433-4DDA-ABA3-A64816EF4373}.Debug|Any CPU.Build.0 = Debug|Any CPU
		{9EF4E731-E433-4DDA-ABA3-A64816EF4373}.Release|Any CPU.ActiveCfg = Release|Any CPU
		{9EF4E731-E433-4DDA-ABA3-A64816EF4373}.Release|Any CPU.Build.0 = Release|Any CPU
	EndGlobalSection
	GlobalSection(SolutionProperties) = preSolution
		HideSolutionNode = FALSE
	EndGlobalSection
	GlobalSection(ExtensibilityGlobals) = postSolution
		SolutionGuid = {CF5950C3-B2C0-4650-B21D-1CA47F6D36A7}
	EndGlobalSection
EndGlobal
